// !$*UTF8*$!
{
	archiveVersion = 1;
	classes = {
	};
	objectVersion = 56;
	objects = {

/* Begin PBXBuildFile section */
		4B116AC32A021379007B85D9 /* mini2.jpeg in Resources */ = {isa = PBXBuildFile; fileRef = 4B116AC22A021379007B85D9 /* mini2.jpeg */; };
		4B116AC52A035867007B85D9 /* File.swift in Sources */ = {isa = PBXBuildFile; fileRef = 4B116AC42A035867007B85D9 /* File.swift */; };
		4B116AC72A03588A007B85D9 /* Challenge.swift in Sources */ = {isa = PBXBuildFile; fileRef = 4B116AC62A03588A007B85D9 /* Challenge.swift */; };
		4B116B042A03D1A1007B85D9 /* ARModel.swift in Sources */ = {isa = PBXBuildFile; fileRef = 4B116B032A03D1A1007B85D9 /* ARModel.swift */; };
		4B116B062A03D1DC007B85D9 /* ARViewModel.swift in Sources */ = {isa = PBXBuildFile; fileRef = 4B116B052A03D1DC007B85D9 /* ARViewModel.swift */; };
		4B116B082A03D1F8007B85D9 /* Camera.swift in Sources */ = {isa = PBXBuildFile; fileRef = 4B116B072A03D1F8007B85D9 /* Camera.swift */; };
		4B116B0B2A04F88E007B85D9 /* Mission02.rcproject in Sources */ = {isa = PBXBuildFile; fileRef = 4B116B0A2A04F88E007B85D9 /* Mission02.rcproject */; };
		4BA7EAFA2A00EFAD00076BD9 /* BuddyPolyApp.swift in Sources */ = {isa = PBXBuildFile; fileRef = 4BA7EAF92A00EFAD00076BD9 /* BuddyPolyApp.swift */; };
		4BA7EAFC2A00EFAD00076BD9 /* ContentView.swift in Sources */ = {isa = PBXBuildFile; fileRef = 4BA7EAFB2A00EFAD00076BD9 /* ContentView.swift */; };
		4BA7EAFE2A00EFAE00076BD9 /* Assets.xcassets in Resources */ = {isa = PBXBuildFile; fileRef = 4BA7EAFD2A00EFAE00076BD9 /* Assets.xcassets */; };
		4BA7EB012A00EFAE00076BD9 /* Preview Assets.xcassets in Resources */ = {isa = PBXBuildFile; fileRef = 4BA7EB002A00EFAE00076BD9 /* Preview Assets.xcassets */; };
		4BA7EB0B2A00EFAE00076BD9 /* BuddyPolyTests.swift in Sources */ = {isa = PBXBuildFile; fileRef = 4BA7EB0A2A00EFAE00076BD9 /* BuddyPolyTests.swift */; };
		4BA7EB152A00EFAE00076BD9 /* BuddyPolyUITests.swift in Sources */ = {isa = PBXBuildFile; fileRef = 4BA7EB142A00EFAE00076BD9 /* BuddyPolyUITests.swift */; };
		4BA7EB172A00EFAE00076BD9 /* BuddyPolyUITestsLaunchTests.swift in Sources */ = {isa = PBXBuildFile; fileRef = 4BA7EB162A00EFAE00076BD9 /* BuddyPolyUITestsLaunchTests.swift */; };
		4BA7EB262A010EB100076BD9 /* SelectPlayer.swift in Sources */ = {isa = PBXBuildFile; fileRef = 4BA7EB252A010EB100076BD9 /* SelectPlayer.swift */; };
		4BA7EB292A01106B00076BD9 /* GameScene.swift in Sources */ = {isa = PBXBuildFile; fileRef = 4BA7EB282A01106B00076BD9 /* GameScene.swift */; };
		4BA7EB2B2A0110B000076BD9 /* PlayersAndCardInitiation.swift in Sources */ = {isa = PBXBuildFile; fileRef = 4BA7EB2A2A0110B000076BD9 /* PlayersAndCardInitiation.swift */; };
		4BA7EB2D2A0110F500076BD9 /* Game.swift in Sources */ = {isa = PBXBuildFile; fileRef = 4BA7EB2C2A0110F500076BD9 /* Game.swift */; };
		BAC287E92A07B98D0038C6D5 /* Logo.png in Resources */ = {isa = PBXBuildFile; fileRef = BAC287E82A07B98D0038C6D5 /* Logo.png */; };
/* End PBXBuildFile section */

/* Begin PBXContainerItemProxy section */
		4BA7EB072A00EFAE00076BD9 /* PBXContainerItemProxy */ = {
			isa = PBXContainerItemProxy;
			containerPortal = 4BA7EAEE2A00EFAD00076BD9 /* Project object */;
			proxyType = 1;
			remoteGlobalIDString = 4BA7EAF52A00EFAD00076BD9;
			remoteInfo = BuddyPoly;
		};
		4BA7EB112A00EFAE00076BD9 /* PBXContainerItemProxy */ = {
			isa = PBXContainerItemProxy;
			containerPortal = 4BA7EAEE2A00EFAD00076BD9 /* Project object */;
			proxyType = 1;
			remoteGlobalIDString = 4BA7EAF52A00EFAD00076BD9;
			remoteInfo = BuddyPoly;
		};
/* End PBXContainerItemProxy section */

/* Begin PBXFileReference section */
		4B116AC22A021379007B85D9 /* mini2.jpeg */ = {isa = PBXFileReference; lastKnownFileType = image.jpeg; path = mini2.jpeg; sourceTree = "<group>"; };
		4B116AC42A035867007B85D9 /* File.swift */ = {isa = PBXFileReference; lastKnownFileType = sourcecode.swift; path = File.swift; sourceTree = "<group>"; };
		4B116AC62A03588A007B85D9 /* Challenge.swift */ = {isa = PBXFileReference; lastKnownFileType = sourcecode.swift; path = Challenge.swift; sourceTree = "<group>"; };
		4B116B032A03D1A1007B85D9 /* ARModel.swift */ = {isa = PBXFileReference; lastKnownFileType = sourcecode.swift; path = ARModel.swift; sourceTree = "<group>"; };
		4B116B052A03D1DC007B85D9 /* ARViewModel.swift */ = {isa = PBXFileReference; lastKnownFileType = sourcecode.swift; path = ARViewModel.swift; sourceTree = "<group>"; };
		4B116B072A03D1F8007B85D9 /* Camera.swift */ = {isa = PBXFileReference; lastKnownFileType = sourcecode.swift; path = Camera.swift; sourceTree = "<group>"; };
		4B116B092A04AE90007B85D9 /* Info.plist */ = {isa = PBXFileReference; lastKnownFileType = text.plist; path = Info.plist; sourceTree = "<group>"; };
		4B116B0A2A04F88E007B85D9 /* Mission02.rcproject */ = {isa = PBXFileReference; lastKnownFileType = file.rcproject; path = Mission02.rcproject; sourceTree = "<group>"; };
		4BA7EAF62A00EFAD00076BD9 /* BuddyPoly.app */ = {isa = PBXFileReference; explicitFileType = wrapper.application; includeInIndex = 0; path = BuddyPoly.app; sourceTree = BUILT_PRODUCTS_DIR; };
		4BA7EAF92A00EFAD00076BD9 /* BuddyPolyApp.swift */ = {isa = PBXFileReference; lastKnownFileType = sourcecode.swift; path = BuddyPolyApp.swift; sourceTree = "<group>"; };
		4BA7EAFB2A00EFAD00076BD9 /* ContentView.swift */ = {isa = PBXFileReference; lastKnownFileType = sourcecode.swift; path = ContentView.swift; sourceTree = "<group>"; };
		4BA7EAFD2A00EFAE00076BD9 /* Assets.xcassets */ = {isa = PBXFileReference; lastKnownFileType = folder.assetcatalog; path = Assets.xcassets; sourceTree = "<group>"; };
		4BA7EB002A00EFAE00076BD9 /* Preview Assets.xcassets */ = {isa = PBXFileReference; lastKnownFileType = folder.assetcatalog; path = "Preview Assets.xcassets"; sourceTree = "<group>"; };
		4BA7EB062A00EFAE00076BD9 /* BuddyPolyTests.xctest */ = {isa = PBXFileReference; explicitFileType = wrapper.cfbundle; includeInIndex = 0; path = BuddyPolyTests.xctest; sourceTree = BUILT_PRODUCTS_DIR; };
		4BA7EB0A2A00EFAE00076BD9 /* BuddyPolyTests.swift */ = {isa = PBXFileReference; lastKnownFileType = sourcecode.swift; path = BuddyPolyTests.swift; sourceTree = "<group>"; };
		4BA7EB102A00EFAE00076BD9 /* BuddyPolyUITests.xctest */ = {isa = PBXFileReference; explicitFileType = wrapper.cfbundle; includeInIndex = 0; path = BuddyPolyUITests.xctest; sourceTree = BUILT_PRODUCTS_DIR; };
		4BA7EB142A00EFAE00076BD9 /* BuddyPolyUITests.swift */ = {isa = PBXFileReference; lastKnownFileType = sourcecode.swift; path = BuddyPolyUITests.swift; sourceTree = "<group>"; };
		4BA7EB162A00EFAE00076BD9 /* BuddyPolyUITestsLaunchTests.swift */ = {isa = PBXFileReference; lastKnownFileType = sourcecode.swift; path = BuddyPolyUITestsLaunchTests.swift; sourceTree = "<group>"; };
		4BA7EB252A010EB100076BD9 /* SelectPlayer.swift */ = {isa = PBXFileReference; lastKnownFileType = sourcecode.swift; path = SelectPlayer.swift; sourceTree = "<group>"; };
		4BA7EB282A01106B00076BD9 /* GameScene.swift */ = {isa = PBXFileReference; lastKnownFileType = sourcecode.swift; path = GameScene.swift; sourceTree = "<group>"; };
		4BA7EB2A2A0110B000076BD9 /* PlayersAndCardInitiation.swift */ = {isa = PBXFileReference; lastKnownFileType = sourcecode.swift; path = PlayersAndCardInitiation.swift; sourceTree = "<group>"; };
		4BA7EB2C2A0110F500076BD9 /* Game.swift */ = {isa = PBXFileReference; lastKnownFileType = sourcecode.swift; path = Game.swift; sourceTree = "<group>"; };
		BAC287E82A07B98D0038C6D5 /* Logo.png */ = {isa = PBXFileReference; lastKnownFileType = image.png; path = Logo.png; sourceTree = "<group>"; };
/* End PBXFileReference section */

/* Begin PBXFrameworksBuildPhase section */
		4BA7EAF32A00EFAD00076BD9 /* Frameworks */ = {
			isa = PBXFrameworksBuildPhase;
			buildActionMask = 2147483647;
			files = (
			);
			runOnlyForDeploymentPostprocessing = 0;
		};
		4BA7EB032A00EFAE00076BD9 /* Frameworks */ = {
			isa = PBXFrameworksBuildPhase;
			buildActionMask = 2147483647;
			files = (
			);
			runOnlyForDeploymentPostprocessing = 0;
		};
		4BA7EB0D2A00EFAE00076BD9 /* Frameworks */ = {
			isa = PBXFrameworksBuildPhase;
			buildActionMask = 2147483647;
			files = (
			);
			runOnlyForDeploymentPostprocessing = 0;
		};
/* End PBXFrameworksBuildPhase section */

/* Begin PBXGroup section */
		4B116B022A03D18D007B85D9 /* Camera */ = {
			isa = PBXGroup;
			children = (
				4B116B032A03D1A1007B85D9 /* ARModel.swift */,
				4B116B052A03D1DC007B85D9 /* ARViewModel.swift */,
				4B116B072A03D1F8007B85D9 /* Camera.swift */,
				4B116B0A2A04F88E007B85D9 /* Mission02.rcproject */,
			);
			path = Camera;
			sourceTree = "<group>";
		};
		4BA7EAED2A00EFAD00076BD9 = {
			isa = PBXGroup;
			children = (
				4BA7EAF82A00EFAD00076BD9 /* BuddyPoly */,
				4BA7EB092A00EFAE00076BD9 /* BuddyPolyTests */,
				4BA7EB132A00EFAE00076BD9 /* BuddyPolyUITests */,
				4BA7EAF72A00EFAD00076BD9 /* Products */,
			);
			sourceTree = "<group>";
		};
		4BA7EAF72A00EFAD00076BD9 /* Products */ = {
			isa = PBXGroup;
			children = (
				4BA7EAF62A00EFAD00076BD9 /* BuddyPoly.app */,
				4BA7EB062A00EFAE00076BD9 /* BuddyPolyTests.xctest */,
				4BA7EB102A00EFAE00076BD9 /* BuddyPolyUITests.xctest */,
			);
			name = Products;
			sourceTree = "<group>";
		};
		4BA7EAF82A00EFAD00076BD9 /* BuddyPoly */ = {
			isa = PBXGroup;
			children = (
				4B116B092A04AE90007B85D9 /* Info.plist */,
				4B116B022A03D18D007B85D9 /* Camera */,
				4BA7EAF92A00EFAD00076BD9 /* BuddyPolyApp.swift */,
				4BA7EAFB2A00EFAD00076BD9 /* ContentView.swift */,
				4B116AC22A021379007B85D9 /* mini2.jpeg */,
				4BA7EAFD2A00EFAE00076BD9 /* Assets.xcassets */,
				BAC287E82A07B98D0038C6D5 /* Logo.png */,
				4BA7EB2C2A0110F500076BD9 /* Game.swift */,
				4BA7EB252A010EB100076BD9 /* SelectPlayer.swift */,
				4BA7EB272A01105800076BD9 /* GameScene */,
				4BA7EAFF2A00EFAE00076BD9 /* Preview Content */,
			);
			path = BuddyPoly;
			sourceTree = "<group>";
		};
		4BA7EAFF2A00EFAE00076BD9 /* Preview Content */ = {
			isa = PBXGroup;
			children = (
				4BA7EB002A00EFAE00076BD9 /* Preview Assets.xcassets */,
			);
			path = "Preview Content";
			sourceTree = "<group>";
		};
		4BA7EB092A00EFAE00076BD9 /* BuddyPolyTests */ = {
			isa = PBXGroup;
			children = (
				4BA7EB0A2A00EFAE00076BD9 /* BuddyPolyTests.swift */,
			);
			path = BuddyPolyTests;
			sourceTree = "<group>";
		};
		4BA7EB132A00EFAE00076BD9 /* BuddyPolyUITests */ = {
			isa = PBXGroup;
			children = (
				4BA7EB142A00EFAE00076BD9 /* BuddyPolyUITests.swift */,
				4BA7EB162A00EFAE00076BD9 /* BuddyPolyUITestsLaunchTests.swift */,
			);
			path = BuddyPolyUITests;
			sourceTree = "<group>";
		};
		4BA7EB272A01105800076BD9 /* GameScene */ = {
			isa = PBXGroup;
			children = (
				4BA7EB282A01106B00076BD9 /* GameScene.swift */,
				4BA7EB2A2A0110B000076BD9 /* PlayersAndCardInitiation.swift */,
				4B116AC42A035867007B85D9 /* File.swift */,
				4B116AC62A03588A007B85D9 /* Challenge.swift */,
			);
			path = GameScene;
			sourceTree = "<group>";
		};
/* End PBXGroup section */

/* Begin PBXNativeTarget section */
		4BA7EAF52A00EFAD00076BD9 /* BuddyPoly */ = {
			isa = PBXNativeTarget;
			buildConfigurationList = 4BA7EB1A2A00EFAE00076BD9 /* Build configuration list for PBXNativeTarget "BuddyPoly" */;
			buildPhases = (
				4BA7EAF22A00EFAD00076BD9 /* Sources */,
				4BA7EAF32A00EFAD00076BD9 /* Frameworks */,
				4BA7EAF42A00EFAD00076BD9 /* Resources */,
			);
			buildRules = (
			);
			dependencies = (
			);
			name = BuddyPoly;
			productName = BuddyPoly;
			productReference = 4BA7EAF62A00EFAD00076BD9 /* BuddyPoly.app */;
			productType = "com.apple.product-type.application";
		};
		4BA7EB052A00EFAE00076BD9 /* BuddyPolyTests */ = {
			isa = PBXNativeTarget;
			buildConfigurationList = 4BA7EB1D2A00EFAE00076BD9 /* Build configuration list for PBXNativeTarget "BuddyPolyTests" */;
			buildPhases = (
				4BA7EB022A00EFAE00076BD9 /* Sources */,
				4BA7EB032A00EFAE00076BD9 /* Frameworks */,
				4BA7EB042A00EFAE00076BD9 /* Resources */,
			);
			buildRules = (
			);
			dependencies = (
				4BA7EB082A00EFAE00076BD9 /* PBXTargetDependency */,
			);
			name = BuddyPolyTests;
			productName = BuddyPolyTests;
			productReference = 4BA7EB062A00EFAE00076BD9 /* BuddyPolyTests.xctest */;
			productType = "com.apple.product-type.bundle.unit-test";
		};
		4BA7EB0F2A00EFAE00076BD9 /* BuddyPolyUITests */ = {
			isa = PBXNativeTarget;
			buildConfigurationList = 4BA7EB202A00EFAE00076BD9 /* Build configuration list for PBXNativeTarget "BuddyPolyUITests" */;
			buildPhases = (
				4BA7EB0C2A00EFAE00076BD9 /* Sources */,
				4BA7EB0D2A00EFAE00076BD9 /* Frameworks */,
				4BA7EB0E2A00EFAE00076BD9 /* Resources */,
			);
			buildRules = (
			);
			dependencies = (
				4BA7EB122A00EFAE00076BD9 /* PBXTargetDependency */,
			);
			name = BuddyPolyUITests;
			productName = BuddyPolyUITests;
			productReference = 4BA7EB102A00EFAE00076BD9 /* BuddyPolyUITests.xctest */;
			productType = "com.apple.product-type.bundle.ui-testing";
		};
/* End PBXNativeTarget section */

/* Begin PBXProject section */
		4BA7EAEE2A00EFAD00076BD9 /* Project object */ = {
			isa = PBXProject;
			attributes = {
				BuildIndependentTargetsInParallel = 1;
				LastSwiftUpdateCheck = 1430;
				LastUpgradeCheck = 1430;
				TargetAttributes = {
					4BA7EAF52A00EFAD00076BD9 = {
						CreatedOnToolsVersion = 14.3;
					};
					4BA7EB052A00EFAE00076BD9 = {
						CreatedOnToolsVersion = 14.3;
						TestTargetID = 4BA7EAF52A00EFAD00076BD9;
					};
					4BA7EB0F2A00EFAE00076BD9 = {
						CreatedOnToolsVersion = 14.3;
						TestTargetID = 4BA7EAF52A00EFAD00076BD9;
					};
				};
			};
			buildConfigurationList = 4BA7EAF12A00EFAD00076BD9 /* Build configuration list for PBXProject "BuddyPoly" */;
			compatibilityVersion = "Xcode 14.0";
			developmentRegion = en;
			hasScannedForEncodings = 0;
			knownRegions = (
				en,
				Base,
			);
			mainGroup = 4BA7EAED2A00EFAD00076BD9;
			productRefGroup = 4BA7EAF72A00EFAD00076BD9 /* Products */;
			projectDirPath = "";
			projectRoot = "";
			targets = (
				4BA7EAF52A00EFAD00076BD9 /* BuddyPoly */,
				4BA7EB052A00EFAE00076BD9 /* BuddyPolyTests */,
				4BA7EB0F2A00EFAE00076BD9 /* BuddyPolyUITests */,
			);
		};
/* End PBXProject section */

/* Begin PBXResourcesBuildPhase section */
		4BA7EAF42A00EFAD00076BD9 /* Resources */ = {
			isa = PBXResourcesBuildPhase;
			buildActionMask = 2147483647;
			files = (
				BAC287E92A07B98D0038C6D5 /* Logo.png in Resources */,
				4BA7EB012A00EFAE00076BD9 /* Preview Assets.xcassets in Resources */,
				4BA7EAFE2A00EFAE00076BD9 /* Assets.xcassets in Resources */,
				4B116AC32A021379007B85D9 /* mini2.jpeg in Resources */,
			);
			runOnlyForDeploymentPostprocessing = 0;
		};
		4BA7EB042A00EFAE00076BD9 /* Resources */ = {
			isa = PBXResourcesBuildPhase;
			buildActionMask = 2147483647;
			files = (
			);
			runOnlyForDeploymentPostprocessing = 0;
		};
		4BA7EB0E2A00EFAE00076BD9 /* Resources */ = {
			isa = PBXResourcesBuildPhase;
			buildActionMask = 2147483647;
			files = (
			);
			runOnlyForDeploymentPostprocessing = 0;
		};
/* End PBXResourcesBuildPhase section */

/* Begin PBXSourcesBuildPhase section */
		4BA7EAF22A00EFAD00076BD9 /* Sources */ = {
			isa = PBXSourcesBuildPhase;
			buildActionMask = 2147483647;
			files = (
				4B116B082A03D1F8007B85D9 /* Camera.swift in Sources */,
				4BA7EB262A010EB100076BD9 /* SelectPlayer.swift in Sources */,
				4B116AC72A03588A007B85D9 /* Challenge.swift in Sources */,
				4B116B042A03D1A1007B85D9 /* ARModel.swift in Sources */,
				4BA7EB2D2A0110F500076BD9 /* Game.swift in Sources */,
				4B116B0B2A04F88E007B85D9 /* Mission02.rcproject in Sources */,
				4BA7EB2B2A0110B000076BD9 /* PlayersAndCardInitiation.swift in Sources */,
				4B116B062A03D1DC007B85D9 /* ARViewModel.swift in Sources */,
				4BA7EAFC2A00EFAD00076BD9 /* ContentView.swift in Sources */,
				4BA7EB292A01106B00076BD9 /* GameScene.swift in Sources */,
				4B116AC52A035867007B85D9 /* File.swift in Sources */,
				4BA7EAFA2A00EFAD00076BD9 /* BuddyPolyApp.swift in Sources */,
			);
			runOnlyForDeploymentPostprocessing = 0;
		};
		4BA7EB022A00EFAE00076BD9 /* Sources */ = {
			isa = PBXSourcesBuildPhase;
			buildActionMask = 2147483647;
			files = (
				4BA7EB0B2A00EFAE00076BD9 /* BuddyPolyTests.swift in Sources */,
			);
			runOnlyForDeploymentPostprocessing = 0;
		};
		4BA7EB0C2A00EFAE00076BD9 /* Sources */ = {
			isa = PBXSourcesBuildPhase;
			buildActionMask = 2147483647;
			files = (
				4BA7EB152A00EFAE00076BD9 /* BuddyPolyUITests.swift in Sources */,
				4BA7EB172A00EFAE00076BD9 /* BuddyPolyUITestsLaunchTests.swift in Sources */,
			);
			runOnlyForDeploymentPostprocessing = 0;
		};
/* End PBXSourcesBuildPhase section */

/* Begin PBXTargetDependency section */
		4BA7EB082A00EFAE00076BD9 /* PBXTargetDependency */ = {
			isa = PBXTargetDependency;
			target = 4BA7EAF52A00EFAD00076BD9 /* BuddyPoly */;
			targetProxy = 4BA7EB072A00EFAE00076BD9 /* PBXContainerItemProxy */;
		};
		4BA7EB122A00EFAE00076BD9 /* PBXTargetDependency */ = {
			isa = PBXTargetDependency;
			target = 4BA7EAF52A00EFAD00076BD9 /* BuddyPoly */;
			targetProxy = 4BA7EB112A00EFAE00076BD9 /* PBXContainerItemProxy */;
		};
/* End PBXTargetDependency section */

/* Begin XCBuildConfiguration section */
		4BA7EB182A00EFAE00076BD9 /* Debug */ = {
			isa = XCBuildConfiguration;
			buildSettings = {
				ALWAYS_SEARCH_USER_PATHS = NO;
				CLANG_ANALYZER_NONNULL = YES;
				CLANG_ANALYZER_NUMBER_OBJECT_CONVERSION = YES_AGGRESSIVE;
				CLANG_CXX_LANGUAGE_STANDARD = "gnu++20";
				CLANG_ENABLE_MODULES = YES;
				CLANG_ENABLE_OBJC_ARC = YES;
				CLANG_ENABLE_OBJC_WEAK = YES;
				CLANG_WARN_BLOCK_CAPTURE_AUTORELEASING = YES;
				CLANG_WARN_BOOL_CONVERSION = YES;
				CLANG_WARN_COMMA = YES;
				CLANG_WARN_CONSTANT_CONVERSION = YES;
				CLANG_WARN_DEPRECATED_OBJC_IMPLEMENTATIONS = YES;
				CLANG_WARN_DIRECT_OBJC_ISA_USAGE = YES_ERROR;
				CLANG_WARN_DOCUMENTATION_COMMENTS = YES;
				CLANG_WARN_EMPTY_BODY = YES;
				CLANG_WARN_ENUM_CONVERSION = YES;
				CLANG_WARN_INFINITE_RECURSION = YES;
				CLANG_WARN_INT_CONVERSION = YES;
				CLANG_WARN_NON_LITERAL_NULL_CONVERSION = YES;
				CLANG_WARN_OBJC_IMPLICIT_RETAIN_SELF = YES;
				CLANG_WARN_OBJC_LITERAL_CONVERSION = YES;
				CLANG_WARN_OBJC_ROOT_CLASS = YES_ERROR;
				CLANG_WARN_QUOTED_INCLUDE_IN_FRAMEWORK_HEADER = YES;
				CLANG_WARN_RANGE_LOOP_ANALYSIS = YES;
				CLANG_WARN_STRICT_PROTOTYPES = YES;
				CLANG_WARN_SUSPICIOUS_MOVE = YES;
				CLANG_WARN_UNGUARDED_AVAILABILITY = YES_AGGRESSIVE;
				CLANG_WARN_UNREACHABLE_CODE = YES;
				CLANG_WARN__DUPLICATE_METHOD_MATCH = YES;
				COPY_PHASE_STRIP = NO;
				DEBUG_INFORMATION_FORMAT = dwarf;
				ENABLE_STRICT_OBJC_MSGSEND = YES;
				ENABLE_TESTABILITY = YES;
				GCC_C_LANGUAGE_STANDARD = gnu11;
				GCC_DYNAMIC_NO_PIC = NO;
				GCC_NO_COMMON_BLOCKS = YES;
				GCC_OPTIMIZATION_LEVEL = 0;
				GCC_PREPROCESSOR_DEFINITIONS = (
					"DEBUG=1",
					"$(inherited)",
				);
				GCC_WARN_64_TO_32_BIT_CONVERSION = YES;
				GCC_WARN_ABOUT_RETURN_TYPE = YES_ERROR;
				GCC_WARN_UNDECLARED_SELECTOR = YES;
				GCC_WARN_UNINITIALIZED_AUTOS = YES_AGGRESSIVE;
				GCC_WARN_UNUSED_FUNCTION = YES;
				GCC_WARN_UNUSED_VARIABLE = YES;
				IPHONEOS_DEPLOYMENT_TARGET = 16.1;
				MTL_ENABLE_DEBUG_INFO = INCLUDE_SOURCE;
				MTL_FAST_MATH = YES;
				ONLY_ACTIVE_ARCH = YES;
				SDKROOT = iphoneos;
				SWIFT_ACTIVE_COMPILATION_CONDITIONS = DEBUG;
				SWIFT_OPTIMIZATION_LEVEL = "-Onone";
			};
			name = Debug;
		};
		4BA7EB192A00EFAE00076BD9 /* Release */ = {
			isa = XCBuildConfiguration;
			buildSettings = {
				ALWAYS_SEARCH_USER_PATHS = NO;
				CLANG_ANALYZER_NONNULL = YES;
				CLANG_ANALYZER_NUMBER_OBJECT_CONVERSION = YES_AGGRESSIVE;
				CLANG_CXX_LANGUAGE_STANDARD = "gnu++20";
				CLANG_ENABLE_MODULES = YES;
				CLANG_ENABLE_OBJC_ARC = YES;
				CLANG_ENABLE_OBJC_WEAK = YES;
				CLANG_WARN_BLOCK_CAPTURE_AUTORELEASING = YES;
				CLANG_WARN_BOOL_CONVERSION = YES;
				CLANG_WARN_COMMA = YES;
				CLANG_WARN_CONSTANT_CONVERSION = YES;
				CLANG_WARN_DEPRECATED_OBJC_IMPLEMENTATIONS = YES;
				CLANG_WARN_DIRECT_OBJC_ISA_USAGE = YES_ERROR;
				CLANG_WARN_DOCUMENTATION_COMMENTS = YES;
				CLANG_WARN_EMPTY_BODY = YES;
				CLANG_WARN_ENUM_CONVERSION = YES;
				CLANG_WARN_INFINITE_RECURSION = YES;
				CLANG_WARN_INT_CONVERSION = YES;
				CLANG_WARN_NON_LITERAL_NULL_CONVERSION = YES;
				CLANG_WARN_OBJC_IMPLICIT_RETAIN_SELF = YES;
				CLANG_WARN_OBJC_LITERAL_CONVERSION = YES;
				CLANG_WARN_OBJC_ROOT_CLASS = YES_ERROR;
				CLANG_WARN_QUOTED_INCLUDE_IN_FRAMEWORK_HEADER = YES;
				CLANG_WARN_RANGE_LOOP_ANALYSIS = YES;
				CLANG_WARN_STRICT_PROTOTYPES = YES;
				CLANG_WARN_SUSPICIOUS_MOVE = YES;
				CLANG_WARN_UNGUARDED_AVAILABILITY = YES_AGGRESSIVE;
				CLANG_WARN_UNREACHABLE_CODE = YES;
				CLANG_WARN__DUPLICATE_METHOD_MATCH = YES;
				COPY_PHASE_STRIP = NO;
				DEBUG_INFORMATION_FORMAT = "dwarf-with-dsym";
				ENABLE_NS_ASSERTIONS = NO;
				ENABLE_STRICT_OBJC_MSGSEND = YES;
				GCC_C_LANGUAGE_STANDARD = gnu11;
				GCC_NO_COMMON_BLOCKS = YES;
				GCC_WARN_64_TO_32_BIT_CONVERSION = YES;
				GCC_WARN_ABOUT_RETURN_TYPE = YES_ERROR;
				GCC_WARN_UNDECLARED_SELECTOR = YES;
				GCC_WARN_UNINITIALIZED_AUTOS = YES_AGGRESSIVE;
				GCC_WARN_UNUSED_FUNCTION = YES;
				GCC_WARN_UNUSED_VARIABLE = YES;
				IPHONEOS_DEPLOYMENT_TARGET = 16.1;
				MTL_ENABLE_DEBUG_INFO = NO;
				MTL_FAST_MATH = YES;
				SDKROOT = iphoneos;
				SWIFT_COMPILATION_MODE = wholemodule;
				SWIFT_OPTIMIZATION_LEVEL = "-O";
				VALIDATE_PRODUCT = YES;
			};
			name = Release;
		};
		4BA7EB1B2A00EFAE00076BD9 /* Debug */ = {
			isa = XCBuildConfiguration;
			buildSettings = {
				ASSETCATALOG_COMPILER_APPICON_NAME = "AppIcon 1";
				ASSETCATALOG_COMPILER_GLOBAL_ACCENT_COLOR_NAME = AccentColor;
				ASSETCATALOG_COMPILER_INCLUDE_ALL_APPICON_ASSETS = YES;
				CODE_SIGN_STYLE = Automatic;
				CURRENT_PROJECT_VERSION = 1;
				DEVELOPMENT_ASSET_PATHS = "\"BuddyPoly/Preview Content\"";
				DEVELOPMENT_TEAM = XB257LU5GX;
				ENABLE_PREVIEWS = YES;
				GENERATE_INFOPLIST_FILE = YES;
				INFOPLIST_FILE = BuddyPoly/Info.plist;
				INFOPLIST_KEY_NSAppleMusicUsageDescription = "Saving Photos to gallery";
				INFOPLIST_KEY_NSCameraUsageDescription = Camera;
				INFOPLIST_KEY_NSPhotoLibraryAddUsageDescription = "Saving Photos to Galery";
				INFOPLIST_KEY_NSPhotoLibraryUsageDescription = "Saving photos to galery";
				INFOPLIST_KEY_UIApplicationSceneManifest_Generation = YES;
				INFOPLIST_KEY_UIApplicationSupportsIndirectInputEvents = YES;
				INFOPLIST_KEY_UILaunchScreen_Generation = YES;
				INFOPLIST_KEY_UISupportedInterfaceOrientations_iPad = "UIInterfaceOrientationPortrait UIInterfaceOrientationPortraitUpsideDown UIInterfaceOrientationLandscapeLeft UIInterfaceOrientationLandscapeRight";
				INFOPLIST_KEY_UISupportedInterfaceOrientations_iPhone = "UIInterfaceOrientationLandscapeLeft UIInterfaceOrientationLandscapeRight";
				LD_RUNPATH_SEARCH_PATHS = (
					"$(inherited)",
					"@executable_path/Frameworks",
				);
				MARKETING_VERSION = 1.0;
				PRODUCT_BUNDLE_IDENTIFIER = intro.BuddyPoly;
				PRODUCT_NAME = "$(TARGET_NAME)";
				SWIFT_EMIT_LOC_STRINGS = YES;
				SWIFT_VERSION = 5.0;
				TARGETED_DEVICE_FAMILY = "1,2";
			};
			name = Debug;
		};
		4BA7EB1C2A00EFAE00076BD9 /* Release */ = {
			isa = XCBuildConfiguration;
			buildSettings = {
				ASSETCATALOG_COMPILER_APPICON_NAME = "AppIcon 1";
				ASSETCATALOG_COMPILER_GLOBAL_ACCENT_COLOR_NAME = AccentColor;
				ASSETCATALOG_COMPILER_INCLUDE_ALL_APPICON_ASSETS = YES;
				CODE_SIGN_STYLE = Automatic;
				CURRENT_PROJECT_VERSION = 1;
				DEVELOPMENT_ASSET_PATHS = "\"BuddyPoly/Preview Content\"";
				DEVELOPMENT_TEAM = XB257LU5GX;
				ENABLE_PREVIEWS = YES;
				GENERATE_INFOPLIST_FILE = YES;
				INFOPLIST_FILE = BuddyPoly/Info.plist;
				INFOPLIST_KEY_NSAppleMusicUsageDescription = "Saving Photos to gallery";
				INFOPLIST_KEY_NSCameraUsageDescription = Camera;
				INFOPLIST_KEY_NSPhotoLibraryAddUsageDescription = "Saving Photos to Galery";
				INFOPLIST_KEY_NSPhotoLibraryUsageDescription = "Saving photos to galery";
				INFOPLIST_KEY_UIApplicationSceneManifest_Generation = YES;
				INFOPLIST_KEY_UIApplicationSupportsIndirectInputEvents = YES;
				INFOPLIST_KEY_UILaunchScreen_Generation = YES;
				INFOPLIST_KEY_UISupportedInterfaceOrientations_iPad = "UIInterfaceOrientationPortrait UIInterfaceOrientationPortraitUpsideDown UIInterfaceOrientationLandscapeLeft UIInterfaceOrientationLandscapeRight";
				INFOPLIST_KEY_UISupportedInterfaceOrientations_iPhone = "UIInterfaceOrientationLandscapeLeft UIInterfaceOrientationLandscapeRight";
				LD_RUNPATH_SEARCH_PATHS = (
					"$(inherited)",
					"@executable_path/Frameworks",
				);
				MARKETING_VERSION = 1.0;
				PRODUCT_BUNDLE_IDENTIFIER = intro.BuddyPoly;
				PRODUCT_NAME = "$(TARGET_NAME)";
				SWIFT_EMIT_LOC_STRINGS = YES;
				SWIFT_VERSION = 5.0;
				TARGETED_DEVICE_FAMILY = "1,2";
			};
			name = Release;
		};
		4BA7EB1E2A00EFAE00076BD9 /* Debug */ = {
			isa = XCBuildConfiguration;
			buildSettings = {
				ALWAYS_EMBED_SWIFT_STANDARD_LIBRARIES = YES;
				BUNDLE_LOADER = "$(TEST_HOST)";
				CODE_SIGN_STYLE = Automatic;
				CURRENT_PROJECT_VERSION = 1;
				GENERATE_INFOPLIST_FILE = YES;
				IPHONEOS_DEPLOYMENT_TARGET = 16.4;
				MARKETING_VERSION = 1.0;
				PRODUCT_BUNDLE_IDENTIFIER = intro.BuddyPolyTests;
				PRODUCT_NAME = "$(TARGET_NAME)";
				SWIFT_EMIT_LOC_STRINGS = NO;
				SWIFT_VERSION = 5.0;
				TARGETED_DEVICE_FAMILY = "1,2";
				TEST_HOST = "$(BUILT_PRODUCTS_DIR)/BuddyPoly.app/$(BUNDLE_EXECUTABLE_FOLDER_PATH)/BuddyPoly";
			};
			name = Debug;
		};
		4BA7EB1F2A00EFAE00076BD9 /* Release */ = {
			isa = XCBuildConfiguration;
			buildSettings = {
				ALWAYS_EMBED_SWIFT_STANDARD_LIBRARIES = YES;
				BUNDLE_LOADER = "$(TEST_HOST)";
				CODE_SIGN_STYLE = Automatic;
				CURRENT_PROJECT_VERSION = 1;
				GENERATE_INFOPLIST_FILE = YES;
				IPHONEOS_DEPLOYMENT_TARGET = 16.4;
				MARKETING_VERSION = 1.0;
				PRODUCT_BUNDLE_IDENTIFIER = intro.BuddyPolyTests;
				PRODUCT_NAME = "$(TARGET_NAME)";
				SWIFT_EMIT_LOC_STRINGS = NO;
				SWIFT_VERSION = 5.0;
				TARGETED_DEVICE_FAMILY = "1,2";
				TEST_HOST = "$(BUILT_PRODUCTS_DIR)/BuddyPoly.app/$(BUNDLE_EXECUTABLE_FOLDER_PATH)/BuddyPoly";
			};
			name = Release;
		};
		4BA7EB212A00EFAE00076BD9 /* Debug */ = {
			isa = XCBuildConfiguration;
			buildSettings = {
				ALWAYS_EMBED_SWIFT_STANDARD_LIBRARIES = YES;
				CODE_SIGN_STYLE = Automatic;
				CURRENT_PROJECT_VERSION = 1;
				GENERATE_INFOPLIST_FILE = YES;
				MARKETING_VERSION = 1.0;
				PRODUCT_BUNDLE_IDENTIFIER = intro.BuddyPolyUITests;
				PRODUCT_NAME = "$(TARGET_NAME)";
				SWIFT_EMIT_LOC_STRINGS = NO;
				SWIFT_VERSION = 5.0;
				TARGETED_DEVICE_FAMILY = "1,2";
				TEST_TARGET_NAME = BuddyPoly;
			};
			name = Debug;
		};
		4BA7EB222A00EFAE00076BD9 /* Release */ = {
			isa = XCBuildConfiguration;
			buildSettings = {
				ALWAYS_EMBED_SWIFT_STANDARD_LIBRARIES = YES;
				CODE_SIGN_STYLE = Automatic;
				CURRENT_PROJECT_VERSION = 1;
				GENERATE_INFOPLIST_FILE = YES;
				MARKETING_VERSION = 1.0;
				PRODUCT_BUNDLE_IDENTIFIER = intro.BuddyPolyUITests;
				PRODUCT_NAME = "$(TARGET_NAME)";
				SWIFT_EMIT_LOC_STRINGS = NO;
				SWIFT_VERSION = 5.0;
				TARGETED_DEVICE_FAMILY = "1,2";
				TEST_TARGET_NAME = BuddyPoly;
			};
			name = Release;
		};
/* End XCBuildConfiguration section */

/* Begin XCConfigurationList section */
		4BA7EAF12A00EFAD00076BD9 /* Build configuration list for PBXProject "BuddyPoly" */ = {
			isa = XCConfigurationList;
			buildConfigurations = (
				4BA7EB182A00EFAE00076BD9 /* Debug */,
				4BA7EB192A00EFAE00076BD9 /* Release */,
			);
			defaultConfigurationIsVisible = 0;
			defaultConfigurationName = Release;
		};
		4BA7EB1A2A00EFAE00076BD9 /* Build configuration list for PBXNativeTarget "BuddyPoly" */ = {
			isa = XCConfigurationList;
			buildConfigurations = (
				4BA7EB1B2A00EFAE00076BD9 /* Debug */,
				4BA7EB1C2A00EFAE00076BD9 /* Release */,
			);
			defaultConfigurationIsVisible = 0;
			defaultConfigurationName = Release;
		};
		4BA7EB1D2A00EFAE00076BD9 /* Build configuration list for PBXNativeTarget "BuddyPolyTests" */ = {
			isa = XCConfigurationList;
			buildConfigurations = (
				4BA7EB1E2A00EFAE00076BD9 /* Debug */,
				4BA7EB1F2A00EFAE00076BD9 /* Release */,
			);
			defaultConfigurationIsVisible = 0;
			defaultConfigurationName = Release;
		};
		4BA7EB202A00EFAE00076BD9 /* Build configuration list for PBXNativeTarget "BuddyPolyUITests" */ = {
			isa = XCConfigurationList;
			buildConfigurations = (
				4BA7EB212A00EFAE00076BD9 /* Debug */,
				4BA7EB222A00EFAE00076BD9 /* Release */,
			);
			defaultConfigurationIsVisible = 0;
			defaultConfigurationName = Release;
		};
/* End XCConfigurationList section */
	};
	rootObject = 4BA7EAEE2A00EFAD00076BD9 /* Project object */;
}
